github.com/mattn/go-sqlite3 v1.14.16 h1:yOQRA0RpS5PFz/oikGwBEqvAWhWg5ufRz4ETLjwpU1Y=
github.com/mattn/go-sqlite3 v1.14.16/go.mod h1:2eHXhiwb8IkHr+BDWZGa96P6+rkvnG63S2DGjv9HUNg=
github.com/pmcxs/hexgrid v0.0.0-20190126214921-42796ac894ab h1:Lq0U5xqVSnvC9MR9X8NzHiUAj5FqvG/zQzoxz3xwZEk=
github.com/pmcxs/hexgrid v0.0.0-20190126214921-42796ac894ab/go.mod h1:NAc1c799x2Kd4SRP7M8oCEfc06dFX8V1TfkozjLcd+A=
